
Microsoft Visual Studio Solution File, Format Version 12.00
# Visual Studio Version 17
VisualStudioVersion = 17.10.35027.167
MinimumVisualStudioVersion = 10.0.40219.1
Project("{FAE04EC0-301F-11D3-BF4B-00C04F79EFBC}") = "SwagLabTestBDDFramework", "SwagLabTestBDDFramework.csproj", "{13E842DD-CA4E-4066-BC3D-2FFC45A54E58}"
EndProject
Project("{FAE04EC0-301F-11D3-BF4B-00C04F79EFBC}") = "PageLayers", "..\PageLayers\PageLayers.csproj", "{88C0BB2F-64C3-46CB-BF84-CCF4821DCBD1}"
EndProject
Project("{FAE04EC0-301F-11D3-BF4B-00C04F79EFBC}") = "TestLayers", "..\TestLayers\TestLayers.csproj", "{F0DE5D82-FE5B-4AF1-89B9-B0108790540D}"
EndProject
Global
	GlobalSection(SolutionConfigurationPlatforms) = preSolution
		Debug|Any CPU = Debug|Any CPU
		Release|Any CPU = Release|Any CPU
	EndGlobalSection
	GlobalSection(ProjectConfigurationPlatforms) = postSolution
		{13E842DD-CA4E-4066-BC3D-2FFC45A54E58}.Debug|Any CPU.ActiveCfg = Debug|Any CPU
		{13E842DD-CA4E-4066-BC3D-2FFC45A54E58}.Debug|Any CPU.Build.0 = Debug|Any CPU
		{13E842DD-CA4E-4066-BC3D-2FFC45A54E58}.Release|Any CPU.ActiveCfg = Release|Any CPU
		{13E842DD-CA4E-4066-BC3D-2FFC45A54E58}.Release|Any CPU.Build.0 = Release|Any CPU
		{88C0BB2F-64C3-46CB-BF84-CCF4821DCBD1}.Debug|Any CPU.ActiveCfg = Debug|Any CPU
		{88C0BB2F-64C3-46CB-BF84-CCF4821DCBD1}.Debug|Any CPU.Build.0 = Debug|Any CPU
		{88C0BB2F-64C3-46CB-BF84-CCF4821DCBD1}.Release|Any CPU.ActiveCfg = Release|Any CPU
		{88C0BB2F-64C3-46CB-BF84-CCF4821DCBD1}.Release|Any CPU.Build.0 = Release|Any CPU
		{F0DE5D82-FE5B-4AF1-89B9-B0108790540D}.Debug|Any CPU.ActiveCfg = Debug|Any CPU
		{F0DE5D82-FE5B-4AF1-89B9-B0108790540D}.Debug|Any CPU.Build.0 = Debug|Any CPU
		{F0DE5D82-FE5B-4AF1-89B9-B0108790540D}.Release|Any CPU.ActiveCfg = Release|Any CPU
		{F0DE5D82-FE5B-4AF1-89B9-B0108790540D}.Release|Any CPU.Build.0 = Release|Any CPU
	EndGlobalSection
	GlobalSection(SolutionProperties) = preSolution
		HideSolutionNode = FALSE
	EndGlobalSection
	GlobalSection(ExtensibilityGlobals) = postSolution
		SolutionGuid = {8346A1E2-7E5F-4B6E-B20C-4A97B271334D}
	EndGlobalSection
EndGlobal
